
Microsoft Visual Studio Solution File, Format Version 12.00
# Visual Studio 15
VisualStudioVersion = 15.0.28307.1831
MinimumVisualStudioVersion = 10.0.40219.1
Project("{FAE04EC0-301F-11D3-BF4B-00C04F79EFBC}") = "ProductsApp", "ProductsApp\ProductsApp.csproj", "{30B3C92E-C8EB-475B-A9F0-1AA73A2513D4}"
EndProject
Project("{FAE04EC0-301F-11D3-BF4B-00C04F79EFBC}") = "ProductsApp.Tests", "ProductsApp.Tests\ProductsApp.Tests.csproj", "{D7ED9255-EDCC-42D8-993A-2BCA883113EF}"
EndProject
Global
	GlobalSection(SolutionConfigurationPlatforms) = preSolution
		Debug|Any CPU = Debug|Any CPU
		Release|Any CPU = Release|Any CPU
	EndGlobalSection
	GlobalSection(ProjectConfigurationPlatforms) = postSolution
		{30B3C92E-C8EB-475B-A9F0-1AA73A2513D4}.Debug|Any CPU.ActiveCfg = Debug|Any CPU
		{30B3C92E-C8EB-475B-A9F0-1AA73A2513D4}.Debug|Any CPU.Build.0 = Debug|Any CPU
		{30B3C92E-C8EB-475B-A9F0-1AA73A2513D4}.Release|Any CPU.ActiveCfg = Release|Any CPU
		{30B3C92E-C8EB-475B-A9F0-1AA73A2513D4}.Release|Any CPU.Build.0 = Release|Any CPU
		{D7ED9255-EDCC-42D8-993A-2BCA883113EF}.Debug|Any CPU.ActiveCfg = Debug|Any CPU
		{D7ED9255-EDCC-42D8-993A-2BCA883113EF}.Debug|Any CPU.Build.0 = Debug|Any CPU
		{D7ED9255-EDCC-42D8-993A-2BCA883113EF}.Release|Any CPU.ActiveCfg = Release|Any CPU
		{D7ED9255-EDCC-42D8-993A-2BCA883113EF}.Release|Any CPU.Build.0 = Release|Any CPU
	EndGlobalSection
	GlobalSection(SolutionProperties) = preSolution
		HideSolutionNode = FALSE
	EndGlobalSection
	GlobalSection(ExtensibilityGlobals) = postSolution
		SolutionGuid = {9EA003D8-D0B7-46C2-8732-03CB16426693}
	EndGlobalSection
EndGlobal
